
Microsoft Visual Studio Solution File, Format Version 12.00
# Visual Studio Version 17
VisualStudioVersion = 17.0.31423.177
MinimumVisualStudioVersion = 10.0.40219.1
Project("{9A19103F-16F7-4668-BE54-9A1E7A4F7556}") = "OtripleS.Web.Api", "OtripleS.Web.Api\OtripleS.Web.Api.csproj", "{2101194B-3C5D-4484-8C28-64F4FD748B4C}"
EndProject
Project("{9A19103F-16F7-4668-BE54-9A1E7A4F7556}") = "OtripleS.Web.Api.Tests.Unit", "OtripleS.Web.Api.Tests.Unit\OtripleS.Web.Api.Tests.Unit.csproj", "{8C68DB6C-CD89-4921-9D05-3DE808397E7A}"
EndProject
Project("{9A19103F-16F7-4668-BE54-9A1E7A4F7556}") = "OtripleS.Web.Api.Tests.Acceptance", "OtripleS.Web.Api.Tests.Acceptance\OtripleS.Web.Api.Tests.Acceptance.csproj", "{E651A18B-517E-4D75-B6BB-6AF9782FA1F9}"
EndProject
Project("{9A19103F-16F7-4668-BE54-9A1E7A4F7556}") = "OtripleS.Web.Api.Infrastructure.Build", "OtripleS.Web.Api.Infrastructure.Build\OtripleS.Web.Api.Infrastructure.Build.csproj", "{801E79E8-238B-434F-8E78-A980E6C72E57}"
EndProject
Project("{9A19103F-16F7-4668-BE54-9A1E7A4F7556}") = "OtripleS.Web.Api.Infrastructure.Provision", "OtripleS.Api.Infrastructure.Provision\OtripleS.Web.Api.Infrastructure.Provision.csproj", "{24FC5721-EEA1-4E51-887A-3C44E3C46608}"
EndProject
Project("{2150E333-8FDC-42A3-9474-1A3956D46DE8}") = "Solution Items", "Solution Items", "{7AE36E37-538A-4B39-A6F5-84E7004D67BA}"
	ProjectSection(SolutionItems) = preProject
		.editorconfig = .editorconfig
	EndProjectSection
EndProject
Global
	GlobalSection(SolutionConfigurationPlatforms) = preSolution
		Debug|Any CPU = Debug|Any CPU
		Release|Any CPU = Release|Any CPU
	EndGlobalSection
	GlobalSection(ProjectConfigurationPlatforms) = postSolution
		{2101194B-3C5D-4484-8C28-64F4FD748B4C}.Debug|Any CPU.ActiveCfg = Debug|Any CPU
		{2101194B-3C5D-4484-8C28-64F4FD748B4C}.Debug|Any CPU.Build.0 = Debug|Any CPU
		{2101194B-3C5D-4484-8C28-64F4FD748B4C}.Release|Any CPU.ActiveCfg = Release|Any CPU
		{2101194B-3C5D-4484-8C28-64F4FD748B4C}.Release|Any CPU.Build.0 = Release|Any CPU
		{8C68DB6C-CD89-4921-9D05-3DE808397E7A}.Debug|Any CPU.ActiveCfg = Debug|Any CPU
		{8C68DB6C-CD89-4921-9D05-3DE808397E7A}.Debug|Any CPU.Build.0 = Debug|Any CPU
		{8C68DB6C-CD89-4921-9D05-3DE808397E7A}.Release|Any CPU.ActiveCfg = Release|Any CPU
		{8C68DB6C-CD89-4921-9D05-3DE808397E7A}.Release|Any CPU.Build.0 = Release|Any CPU
		{E651A18B-517E-4D75-B6BB-6AF9782FA1F9}.Debug|Any CPU.ActiveCfg = Debug|Any CPU
		{E651A18B-517E-4D75-B6BB-6AF9782FA1F9}.Debug|Any CPU.Build.0 = Debug|Any CPU
		{E651A18B-517E-4D75-B6BB-6AF9782FA1F9}.Release|Any CPU.ActiveCfg = Release|Any CPU
		{E651A18B-517E-4D75-B6BB-6AF9782FA1F9}.Release|Any CPU.Build.0 = Release|Any CPU
		{801E79E8-238B-434F-8E78-A980E6C72E57}.Debug|Any CPU.ActiveCfg = Debug|Any CPU
		{801E79E8-238B-434F-8E78-A980E6C72E57}.Debug|Any CPU.Build.0 = Debug|Any CPU
		{801E79E8-238B-434F-8E78-A980E6C72E57}.Release|Any CPU.ActiveCfg = Release|Any CPU
		{801E79E8-238B-434F-8E78-A980E6C72E57}.Release|Any CPU.Build.0 = Release|Any CPU
		{24FC5721-EEA1-4E51-887A-3C44E3C46608}.Debug|Any CPU.ActiveCfg = Debug|Any CPU
		{24FC5721-EEA1-4E51-887A-3C44E3C46608}.Debug|Any CPU.Build.0 = Debug|Any CPU
		{24FC5721-EEA1-4E51-887A-3C44E3C46608}.Release|Any CPU.ActiveCfg = Release|Any CPU
		{24FC5721-EEA1-4E51-887A-3C44E3C46608}.Release|Any CPU.Build.0 = Release|Any CPU
	EndGlobalSection
	GlobalSection(SolutionProperties) = preSolution
		HideSolutionNode = FALSE
	EndGlobalSection
	GlobalSection(ExtensibilityGlobals) = postSolution
		SolutionGuid = {E3E0FFC0-00D2-4589-9D2B-6E554C244958}
	EndGlobalSection
EndGlobal
